{
  "version": 4,
  "terraform_version": "1.5.3",
  "serial": 28,
  "lineage": "d6155c13-b73a-b67e-108a-3aa086b70aa8",
  "outputs": {},
  "resources": [
    {
      "module": "module.lambda_function",
      "mode": "data",
      "type": "aws_caller_identity",
      "name": "current",
      "provider": "provider[\"registry.terraform.io/hashicorp/aws\"]",
      "instances": [
        {
          "schema_version": 0,
          "attributes": {
            "account_id": "534691757018",
            "arn": "arn:aws:iam::534691757018:user/terraform_manager",
            "id": "534691757018",
            "user_id": "AIDAXY7Q4XPNAHF4AT5WA"
          },
          "sensitive_attributes": []
        }
      ]
    },
    {
      "module": "module.lambda_function",
      "mode": "data",
      "type": "aws_partition",
      "name": "current",
      "provider": "provider[\"registry.terraform.io/hashicorp/aws\"]",
      "instances": [
        {
          "schema_version": 0,
          "attributes": {
            "dns_suffix": "amazonaws.com",
            "id": "aws",
            "partition": "aws",
            "reverse_dns_prefix": "com.amazonaws"
          },
          "sensitive_attributes": []
        }
      ]
    },
    {
      "module": "module.lambda_function",
      "mode": "data",
      "type": "aws_region",
      "name": "current",
      "provider": "provider[\"registry.terraform.io/hashicorp/aws\"]",
      "instances": [
        {
          "schema_version": 0,
          "attributes": {
            "description": "US East (N. Virginia)",
            "endpoint": "ec2.us-east-1.amazonaws.com",
            "id": "us-east-1",
            "name": "us-east-1"
          },
          "sensitive_attributes": []
        }
      ]
    },
    {
      "module": "module.lambda_function",
      "mode": "data",
      "type": "external",
      "name": "archive_prepare",
      "provider": "provider[\"registry.terraform.io/hashicorp/external\"]",
      "instances": [
        {
          "index_key": 0,
          "schema_version": 0,
          "attributes": {
            "id": "-",
            "program": [
              "python3",
              ".terraform/modules/lambda_function/package.py",
              "prepare"
            ],
            "query": {
              "artifacts_dir": "builds",
              "docker": null,
              "hash_extra": "",
              "hash_extra_paths": "[]",
              "paths": "{\"cwd\":\"/media/thebatvic/jay/terraform/deployment_package/lambdas\",\"module\":\".terraform/modules/lambda_function\",\"root\":\".\"}",
              "recreate_missing_package": "true",
              "runtime": "python3.8",
              "source_path": "\"src/first.py\""
            },
            "result": {
              "build_plan": "{\"filename\": \"builds/f8d07f9c9b4baa74484c47def9674fa55f4d2b57691ab195c22864ae6632ad8c.zip\", \"runtime\": \"python3.8\", \"artifacts_dir\": \"builds\", \"build_plan\": [[\"zip\", \"src/first.py\", null]]}",
              "build_plan_filename": "builds/f8d07f9c9b4baa74484c47def9674fa55f4d2b57691ab195c22864ae6632ad8c.plan.json",
              "filename": "builds/f8d07f9c9b4baa74484c47def9674fa55f4d2b57691ab195c22864ae6632ad8c.zip",
              "timestamp": "1690137088552776000",
              "was_missing": "false"
            },
            "working_dir": null
          },
          "sensitive_attributes": []
        }
      ]
    },
    {
      "module": "module.lambda_function",
      "mode": "managed",
      "type": "aws_cloudwatch_log_group",
      "name": "lambda",
      "provider": "provider[\"registry.terraform.io/hashicorp/aws\"]",
      "instances": [
        {
          "index_key": 0,
          "schema_version": 0,
          "attributes": {
            "arn": "arn:aws:logs:us-east-1:534691757018:log-group:/aws/lambda/testLambda",
            "id": "/aws/lambda/testLambda",
            "kms_key_id": "",
            "name": "/aws/lambda/testLambda",
            "name_prefix": "",
            "retention_in_days": 0,
            "skip_destroy": false,
            "tags": {
              "Name": "learning aws terraform deployment"
            },
            "tags_all": {
              "Name": "learning aws terraform deployment"
            }
          },
          "sensitive_attributes": [],
          "private": "bnVsbA=="
        }
      ]
    },
    {
      "module": "module.lambda_function",
      "mode": "managed",
      "type": "aws_lambda_function",
      "name": "this",
      "provider": "provider[\"registry.terraform.io/hashicorp/aws\"]",
      "instances": [
        {
          "index_key": 0,
          "schema_version": 0,
          "attributes": {
            "architectures": [
              "x86_64"
            ],
            "arn": "arn:aws:lambda:us-east-1:534691757018:function:testLambda",
            "code_signing_config_arn": "",
            "dead_letter_config": [],
            "description": "First lambda function",
            "environment": [
              {
                "variables": {
                  "loglevel": "true",
                  "something": "somevalue"
                }
              }
            ],
            "ephemeral_storage": [
              {
                "size": 512
              }
            ],
            "file_system_config": [],
            "filename": "builds/f8d07f9c9b4baa74484c47def9674fa55f4d2b57691ab195c22864ae6632ad8c.zip",
            "function_name": "testLambda",
            "handler": "first.lambda_handler",
            "id": "testLambda",
            "image_config": [],
            "image_uri": "",
            "invoke_arn": "arn:aws:apigateway:us-east-1:lambda:path/2015-03-31/functions/arn:aws:lambda:us-east-1:534691757018:function:testLambda/invocations",
            "kms_key_arn": "",
            "last_modified": "2023-07-24T06:00:50.000+0000",
            "layers": [],
            "memory_size": 128,
            "package_type": "Zip",
            "publish": false,
            "qualified_arn": "arn:aws:lambda:us-east-1:534691757018:function:testLambda:$LATEST",
            "qualified_invoke_arn": "arn:aws:apigateway:us-east-1:lambda:path/2015-03-31/functions/arn:aws:lambda:us-east-1:534691757018:function:testLambda:$LATEST/invocations",
            "replace_security_groups_on_destroy": null,
            "replacement_security_group_ids": null,
            "reserved_concurrent_executions": -1,
            "role": "arn:aws:iam::534691757018:role/dynamodbaccesspolicy",
            "runtime": "python3.8",
            "s3_bucket": null,
            "s3_key": null,
            "s3_object_version": null,
            "signing_job_arn": "",
            "signing_profile_version_arn": "",
            "skip_destroy": false,
            "snap_start": [],
            "source_code_hash": "4AIGDaSs7RWMXge2dZy40eLVFE9jfHls6NH0XUm6tNI=",
            "source_code_size": 248,
            "tags": {
              "Name": "learning aws terraform deployment"
            },
            "tags_all": {
              "Name": "learning aws terraform deployment"
            },
            "timeout": 3,
            "timeouts": {
              "create": null,
              "delete": null,
              "update": null
            },
            "tracing_config": [
              {
                "mode": "PassThrough"
              }
            ],
            "version": "$LATEST",
            "vpc_config": []
          },
          "sensitive_attributes": [],
          "private": "eyJlMmJmYjczMC1lY2FhLTExZTYtOGY4OC0zNDM2M2JjN2M0YzAiOnsiY3JlYXRlIjo2MDAwMDAwMDAwMDAsImRlbGV0ZSI6NjAwMDAwMDAwMDAwLCJ1cGRhdGUiOjYwMDAwMDAwMDAwMH19",
          "dependencies": [
            "module.lambda_function.aws_cloudwatch_log_group.lambda",
            "module.lambda_function.aws_iam_role.lambda",
            "module.lambda_function.aws_iam_role_policy_attachment.additional_inline",
            "module.lambda_function.aws_iam_role_policy_attachment.additional_json",
            "module.lambda_function.aws_iam_role_policy_attachment.additional_jsons",
            "module.lambda_function.aws_iam_role_policy_attachment.additional_many",
            "module.lambda_function.aws_iam_role_policy_attachment.additional_one",
            "module.lambda_function.aws_iam_role_policy_attachment.async",
            "module.lambda_function.aws_iam_role_policy_attachment.dead_letter",
            "module.lambda_function.aws_iam_role_policy_attachment.logs",
            "module.lambda_function.aws_iam_role_policy_attachment.tracing",
            "module.lambda_function.aws_iam_role_policy_attachment.vpc",
            "module.lambda_function.aws_s3_object.lambda_package",
            "module.lambda_function.data.external.archive_prepare",
            "module.lambda_function.null_resource.archive"
          ]
        }
      ]
    },
    {
      "module": "module.lambda_function",
      "mode": "managed",
      "type": "local_file",
      "name": "archive_plan",
      "provider": "provider[\"registry.terraform.io/hashicorp/local\"]",
      "instances": [
        {
          "index_key": 0,
          "schema_version": 0,
          "attributes": {
            "content": "{\"filename\": \"builds/f8d07f9c9b4baa74484c47def9674fa55f4d2b57691ab195c22864ae6632ad8c.zip\", \"runtime\": \"python3.8\", \"artifacts_dir\": \"builds\", \"build_plan\": [[\"zip\", \"src/first.py\", null]]}",
            "content_base64": null,
            "content_base64sha256": "/O3FFfxhdZFLdhhCW5hT0qWs7adqsj3DK2vCtFRnruU=",
            "content_base64sha512": "ADX4dqQS6Gvq38boXVeoyUpx8BVUfY4ZSazZqsSBr5MRVXsRP6ZwsnCRDNOSSuCUcZJBZfr+bNM3kCtccLHRzg==",
            "content_md5": "a2969d809a80c7124afd04b3187cdfdf",
            "content_sha1": "7c5c0b7a8b74c7db336da771ce0d05b8fb5c8282",
            "content_sha256": "fcedc515fc6175914b7618425b9853d2a5aceda76ab23dc32b6bc2b45467aee5",
            "content_sha512": "0035f876a412e86beadfc6e85d57a8c94a71f015547d8e1949acd9aac481af9311557b113fa670b270910cd3924ae09471924165fafe6cd337902b5c70b1d1ce",
            "directory_permission": "0755",
            "file_permission": "0644",
            "filename": "builds/f8d07f9c9b4baa74484c47def9674fa55f4d2b57691ab195c22864ae6632ad8c.plan.json",
            "id": "7c5c0b7a8b74c7db336da771ce0d05b8fb5c8282",
            "sensitive_content": null,
            "source": null
          },
          "sensitive_attributes": [],
          "dependencies": [
            "module.lambda_function.data.external.archive_prepare"
          ]
        }
      ]
    },
    {
      "module": "module.lambda_function",
      "mode": "managed",
      "type": "null_resource",
      "name": "archive",
      "provider": "provider[\"registry.terraform.io/hashicorp/null\"]",
      "instances": [
        {
          "index_key": 0,
          "schema_version": 0,
          "attributes": {
            "id": "136418475722986799",
            "triggers": {
              "filename": "builds/f8d07f9c9b4baa74484c47def9674fa55f4d2b57691ab195c22864ae6632ad8c.zip",
              "timestamp": "1690137088552776000"
            }
          },
          "sensitive_attributes": [],
          "dependencies": [
            "module.lambda_function.data.external.archive_prepare",
            "module.lambda_function.local_file.archive_plan"
          ]
        }
      ]
    },
    {
      "module": "module.lambda_function",
      "mode": "managed",
      "type": "null_resource",
      "name": "sam_metadata_aws_lambda_function",
      "provider": "provider[\"registry.terraform.io/hashicorp/null\"]",
      "instances": [
        {
          "index_key": 0,
          "schema_version": 0,
          "attributes": {
            "id": "5970757867440672889",
            "triggers": {
              "built_output_path": "builds/f8d07f9c9b4baa74484c47def9674fa55f4d2b57691ab195c22864ae6632ad8c.zip",
              "original_source_code": "\"src/first.py\"",
              "resource_name": "aws_lambda_function.this[0]",
              "resource_type": "ZIP_LAMBDA_FUNCTION",
              "source_code_property": "path"
            }
          },
          "sensitive_attributes": [],
          "dependencies": [
            "module.lambda_function.data.external.archive_prepare",
            "module.lambda_function.local_file.archive_plan",
            "module.lambda_function.null_resource.archive"
          ]
        }
      ]
    }
  ],
  "check_results": null
}
